// !$*UTF8*$!
{
	archiveVersion = 1;
	classes = {
	};
	objectVersion = 46;
	objects = {

/* Begin PBXBuildFile section */
		C96B0E771CEF1FC000B01976 /* main.m in Sources */ = {isa = PBXBuildFile; fileRef = C96B0E761CEF1FC000B01976 /* main.m */; };
		C96B0E7A1CEF1FC000B01976 /* AppDelegate.m in Sources */ = {isa = PBXBuildFile; fileRef = C96B0E791CEF1FC000B01976 /* AppDelegate.m */; };
		C96B0E821CEF1FC000B01976 /* Assets.xcassets in Resources */ = {isa = PBXBuildFile; fileRef = C96B0E811CEF1FC000B01976 /* Assets.xcassets */; };
		C96B0E8F1CEF201000B01976 /* MainViewController.m in Sources */ = {isa = PBXBuildFile; fileRef = C96B0E8D1CEF201000B01976 /* MainViewController.m */; };
		C96B0E901CEF201000B01976 /* MainViewController.xib in Resources */ = {isa = PBXBuildFile; fileRef = C96B0E8E1CEF201000B01976 /* MainViewController.xib */; };
		C96B0E941CEF219D00B01976 /* MBProgressHUD+RX.m in Sources */ = {isa = PBXBuildFile; fileRef = C96B0E931CEF219D00B01976 /* MBProgressHUD+RX.m */; };
		C96B0E9B1CEF23B200B01976 /* UIViewController+RXMBProgressHUD.m in Sources */ = {isa = PBXBuildFile; fileRef = C96B0E9A1CEF23B200B01976 /* UIViewController+RXMBProgressHUD.m */; };
		F9C6169EEE39A724E711142D /* libPods.a in Frameworks */ = {isa = PBXBuildFile; fileRef = 46A01F58CEEE64FE60DB38E2 /* libPods.a */; };
/* End PBXBuildFile section */

/* Begin PBXFileReference section */
		46A01F58CEEE64FE60DB38E2 /* libPods.a */ = {isa = PBXFileReference; explicitFileType = archive.ar; includeInIndex = 0; path = libPods.a; sourceTree = BUILT_PRODUCTS_DIR; };
		710D4AB7BF3A81A2CEE9F491 /* Pods.release.xcconfig */ = {isa = PBXFileReference; includeInIndex = 1; lastKnownFileType = text.xcconfig; name = Pods.release.xcconfig; path = "Pods/Target Support Files/Pods/Pods.release.xcconfig"; sourceTree = "<group>"; };
		967858744AB514A875A6F1BB /* Pods.debug.xcconfig */ = {isa = PBXFileReference; includeInIndex = 1; lastKnownFileType = text.xcconfig; name = Pods.debug.xcconfig; path = "Pods/Target Support Files/Pods/Pods.debug.xcconfig"; sourceTree = "<group>"; };
		C96B0E721CEF1FC000B01976 /* MBProgressHUD-RXExample.app */ = {isa = PBXFileReference; explicitFileType = wrapper.application; includeInIndex = 0; path = "MBProgressHUD-RXExample.app"; sourceTree = BUILT_PRODUCTS_DIR; };
		C96B0E761CEF1FC000B01976 /* main.m */ = {isa = PBXFileReference; lastKnownFileType = sourcecode.c.objc; path = main.m; sourceTree = "<group>"; };
		C96B0E781CEF1FC000B01976 /* AppDelegate.h */ = {isa = PBXFileReference; lastKnownFileType = sourcecode.c.h; path = AppDelegate.h; sourceTree = "<group>"; };
		C96B0E791CEF1FC000B01976 /* AppDelegate.m */ = {isa = PBXFileReference; lastKnownFileType = sourcecode.c.objc; path = AppDelegate.m; sourceTree = "<group>"; };
		C96B0E811CEF1FC000B01976 /* Assets.xcassets */ = {isa = PBXFileReference; lastKnownFileType = folder.assetcatalog; path = Assets.xcassets; sourceTree = "<group>"; };
		C96B0E861CEF1FC000B01976 /* Info.plist */ = {isa = PBXFileReference; lastKnownFileType = text.plist.xml; path = Info.plist; sourceTree = "<group>"; };
		C96B0E8C1CEF201000B01976 /* MainViewController.h */ = {isa = PBXFileReference; fileEncoding = 4; lastKnownFileType = sourcecode.c.h; path = MainViewController.h; sourceTree = "<group>"; };
		C96B0E8D1CEF201000B01976 /* MainViewController.m */ = {isa = PBXFileReference; fileEncoding = 4; lastKnownFileType = sourcecode.c.objc; path = MainViewController.m; sourceTree = "<group>"; };
		C96B0E8E1CEF201000B01976 /* MainViewController.xib */ = {isa = PBXFileReference; fileEncoding = 4; lastKnownFileType = file.xib; path = MainViewController.xib; sourceTree = "<group>"; };
		C96B0E921CEF219D00B01976 /* MBProgressHUD+RX.h */ = {isa = PBXFileReference; fileEncoding = 4; lastKnownFileType = sourcecode.c.h; path = "MBProgressHUD+RX.h"; sourceTree = "<group>"; };
		C96B0E931CEF219D00B01976 /* MBProgressHUD+RX.m */ = {isa = PBXFileReference; fileEncoding = 4; lastKnownFileType = sourcecode.c.objc; path = "MBProgressHUD+RX.m"; sourceTree = "<group>"; };
		C96B0E981CEF21C600B01976 /* MBProgressHUD+RXHeader.h */ = {isa = PBXFileReference; lastKnownFileType = sourcecode.c.h; path = "MBProgressHUD+RXHeader.h"; sourceTree = "<group>"; };
		C96B0E991CEF23B200B01976 /* UIViewController+RXMBProgressHUD.h */ = {isa = PBXFileReference; fileEncoding = 4; lastKnownFileType = sourcecode.c.h; path = "UIViewController+RXMBProgressHUD.h"; sourceTree = "<group>"; };
		C96B0E9A1CEF23B200B01976 /* UIViewController+RXMBProgressHUD.m */ = {isa = PBXFileReference; fileEncoding = 4; lastKnownFileType = sourcecode.c.objc; path = "UIViewController+RXMBProgressHUD.m"; sourceTree = "<group>"; };
/* End PBXFileReference section */

/* Begin PBXFrameworksBuildPhase section */
		C96B0E6F1CEF1FC000B01976 /* Frameworks */ = {
			isa = PBXFrameworksBuildPhase;
			buildActionMask = 2147483647;
			files = (
				F9C6169EEE39A724E711142D /* libPods.a in Frameworks */,
			);
			runOnlyForDeploymentPostprocessing = 0;
		};
/* End PBXFrameworksBuildPhase section */

/* Begin PBXGroup section */
		9C83DB6557ACC7C9861FECE2 /* Pods */ = {
			isa = PBXGroup;
			children = (
				967858744AB514A875A6F1BB /* Pods.debug.xcconfig */,
				710D4AB7BF3A81A2CEE9F491 /* Pods.release.xcconfig */,
			);
			name = Pods;
			sourceTree = "<group>";
		};
		AD4062C72DC16494FE09BBFD /* Frameworks */ = {
			isa = PBXGroup;
			children = (
				46A01F58CEEE64FE60DB38E2 /* libPods.a */,
			);
			name = Frameworks;
			sourceTree = "<group>";
		};
		C96B0E691CEF1FC000B01976 = {
			isa = PBXGroup;
			children = (
				C96B0E911CEF218500B01976 /* MBProgressHUD-RX */,
				C96B0E741CEF1FC000B01976 /* MBProgressHUD-RXExample */,
				C96B0E731CEF1FC000B01976 /* Products */,
				9C83DB6557ACC7C9861FECE2 /* Pods */,
				AD4062C72DC16494FE09BBFD /* Frameworks */,
			);
			sourceTree = "<group>";
		};
		C96B0E731CEF1FC000B01976 /* Products */ = {
			isa = PBXGroup;
			children = (
				C96B0E721CEF1FC000B01976 /* MBProgressHUD-RXExample.app */,
			);
			name = Products;
			sourceTree = "<group>";
		};
		C96B0E741CEF1FC000B01976 /* MBProgressHUD-RXExample */ = {
			isa = PBXGroup;
			children = (
				C96B0E781CEF1FC000B01976 /* AppDelegate.h */,
				C96B0E791CEF1FC000B01976 /* AppDelegate.m */,
				C96B0E811CEF1FC000B01976 /* Assets.xcassets */,
				C96B0E861CEF1FC000B01976 /* Info.plist */,
				C96B0E751CEF1FC000B01976 /* Supporting Files */,
				C96B0E8C1CEF201000B01976 /* MainViewController.h */,
				C96B0E8D1CEF201000B01976 /* MainViewController.m */,
				C96B0E8E1CEF201000B01976 /* MainViewController.xib */,
			);
			path = "MBProgressHUD-RXExample";
			sourceTree = "<group>";
		};
		C96B0E751CEF1FC000B01976 /* Supporting Files */ = {
			isa = PBXGroup;
			children = (
				C96B0E761CEF1FC000B01976 /* main.m */,
			);
			name = "Supporting Files";
			sourceTree = "<group>";
		};
		C96B0E911CEF218500B01976 /* MBProgressHUD-RX */ = {
			isa = PBXGroup;
			children = (
				C96B0E981CEF21C600B01976 /* MBProgressHUD+RXHeader.h */,
				C96B0E921CEF219D00B01976 /* MBProgressHUD+RX.h */,
				C96B0E931CEF219D00B01976 /* MBProgressHUD+RX.m */,
				C96B0E991CEF23B200B01976 /* UIViewController+RXMBProgressHUD.h */,
				C96B0E9A1CEF23B200B01976 /* UIViewController+RXMBProgressHUD.m */,
			);
			name = "MBProgressHUD-RX";
			path = "../MBProgressHUD-RX";
			sourceTree = "<group>";
		};
/* End PBXGroup section */

/* Begin PBXNativeTarget section */
		C96B0E711CEF1FC000B01976 /* MBProgressHUD-RXExample */ = {
			isa = PBXNativeTarget;
			buildConfigurationList = C96B0E891CEF1FC000B01976 /* Build configuration list for PBXNativeTarget "MBProgressHUD-RXExample" */;
			buildPhases = (
				B1FF5A882101C67AE3CC6AC2 /* Check Pods Manifest.lock */,
				C96B0E6E1CEF1FC000B01976 /* Sources */,
				C96B0E6F1CEF1FC000B01976 /* Frameworks */,
				C96B0E701CEF1FC000B01976 /* Resources */,
				59291F9FC7C3221283F60387 /* Embed Pods Frameworks */,
				A47AD1F75C4CF4E4C4C1879E /* Copy Pods Resources */,
			);
			buildRules = (
			);
			dependencies = (
			);
			name = "MBProgressHUD-RXExample";
			productName = "MBProgressHUD-RXExample";
			productReference = C96B0E721CEF1FC000B01976 /* MBProgressHUD-RXExample.app */;
			productType = "com.apple.product-type.application";
		};
/* End PBXNativeTarget section */

/* Begin PBXProject section */
		C96B0E6A1CEF1FC000B01976 /* Project object */ = {
			isa = PBXProject;
			attributes = {
				LastUpgradeCheck = 0730;
				ORGANIZATIONNAME = Rush;
				TargetAttributes = {
					C96B0E711CEF1FC000B01976 = {
						CreatedOnToolsVersion = 7.3;
					};
				};
			};
			buildConfigurationList = C96B0E6D1CEF1FC000B01976 /* Build configuration list for PBXProject "MBProgressHUD-RXExample" */;
			compatibilityVersion = "Xcode 3.2";
			developmentRegion = English;
			hasScannedForEncodings = 0;
			knownRegions = (
				en,
				Base,
			);
			mainGroup = C96B0E691CEF1FC000B01976;
			productRefGroup = C96B0E731CEF1FC000B01976 /* Products */;
			projectDirPath = "";
			projectRoot = "";
			targets = (
				C96B0E711CEF1FC000B01976 /* MBProgressHUD-RXExample */,
			);
		};
/* End PBXProject section */

/* Begin PBXResourcesBuildPhase section */
		C96B0E701CEF1FC000B01976 /* Resources */ = {
			isa = PBXResourcesBuildPhase;
			buildActionMask = 2147483647;
			files = (
				C96B0E821CEF1FC000B01976 /* Assets.xcassets in Resources */,
				C96B0E901CEF201000B01976 /* MainViewController.xib in Resources */,
			);
			runOnlyForDeploymentPostprocessing = 0;
		};
/* End PBXResourcesBuildPhase section */

/* Begin PBXShellScriptBuildPhase section */
		59291F9FC7C3221283F60387 /* Embed Pods Frameworks */ = {
			isa = PBXShellScriptBuildPhase;
			buildActionMask = 2147483647;
			files = (
			);
			inputPaths = (
			);
			name = "Embed Pods Frameworks";
			outputPaths = (
			);
			runOnlyForDeploymentPostprocessing = 0;
			shellPath = /bin/sh;
			shellScript = "\"${SRCROOT}/Pods/Target Support Files/Pods/Pods-frameworks.sh\"\n";
			showEnvVarsInLog = 0;
		};
		A47AD1F75C4CF4E4C4C1879E /* Copy Pods Resources */ = {
			isa = PBXShellScriptBuildPhase;
			buildActionMask = 2147483647;
			files = (
			);
			inputPaths = (
			);
			name = "Copy Pods Resources";
			outputPaths = (
			);
			runOnlyForDeploymentPostprocessing = 0;
			shellPath = /bin/sh;
			shellScript = "\"${SRCROOT}/Pods/Target Support Files/Pods/Pods-resources.sh\"\n";
			showEnvVarsInLog = 0;
		};
		B1FF5A882101C67AE3CC6AC2 /* Check Pods Manifest.lock */ = {
			isa = PBXShellScriptBuildPhase;
			buildActionMask = 2147483647;
			files = (
			);
			inputPaths = (
			);
			name = "Check Pods Manifest.lock";
			outputPaths = (
			);
			runOnlyForDeploymentPostprocessing = 0;
			shellPath = /bin/sh;
			shellScript = "diff \"${PODS_ROOT}/../Podfile.lock\" \"${PODS_ROOT}/Manifest.lock\" > /dev/null\nif [[ $? != 0 ]] ; then\n    cat << EOM\nerror: The sandbox is not in sync with the Podfile.lock. Run 'pod install' or update your CocoaPods installation.\nEOM\n    exit 1\nfi\n";
			showEnvVarsInLog = 0;
		};
/* End PBXShellScriptBuildPhase section */

/* Begin PBXSourcesBuildPhase section */
		C96B0E6E1CEF1FC000B01976 /* Sources */ = {
			isa = PBXSourcesBuildPhase;
			buildActionMask = 2147483647;
			files = (
				C96B0E7A1CEF1FC000B01976 /* AppDelegate.m in Sources */,
				C96B0E9B1CEF23B200B01976 /* UIViewController+RXMBProgressHUD.m in Sources */,
				C96B0E8F1CEF201000B01976 /* MainViewController.m in Sources */,
				C96B0E771CEF1FC000B01976 /* main.m in Sources */,
				C96B0E941CEF219D00B01976 /* MBProgressHUD+RX.m in Sources */,
			);
			runOnlyForDeploymentPostprocessing = 0;
		};
/* End PBXSourcesBuildPhase section */

/* Begin XCBuildConfiguration section */
		C96B0E871CEF1FC000B01976 /* Debug */ = {
			isa = XCBuildConfiguration;
			buildSettings = {
				ALWAYS_SEARCH_USER_PATHS = NO;
				CLANG_ANALYZER_NONNULL = YES;
				CLANG_CXX_LANGUAGE_STANDARD = "gnu++0x";
				CLANG_CXX_LIBRARY = "libc++";
				CLANG_ENABLE_MODULES = YES;
				CLANG_ENABLE_OBJC_ARC = YES;
				CLANG_WARN_BOOL_CONVERSION = YES;
				CLANG_WARN_CONSTANT_CONVERSION = YES;
				CLANG_WARN_DIRECT_OBJC_ISA_USAGE = YES_ERROR;
				CLANG_WARN_EMPTY_BODY = YES;
				CLANG_WARN_ENUM_CONVERSION = YES;
				CLANG_WARN_INT_CONVERSION = YES;
				CLANG_WARN_OBJC_ROOT_CLASS = YES_ERROR;
				CLANG_WARN_UNREACHABLE_CODE = YES;
				CLANG_WARN__DUPLICATE_METHOD_MATCH = YES;
				"CODE_SIGN_IDENTITY[sdk=iphoneos*]" = "iPhone Developer";
				COPY_PHASE_STRIP = NO;
				DEBUG_INFORMATION_FORMAT = dwarf;
				ENABLE_STRICT_OBJC_MSGSEND = YES;
				ENABLE_TESTABILITY = YES;
				GCC_C_LANGUAGE_STANDARD = gnu99;
				GCC_DYNAMIC_NO_PIC = NO;
				GCC_NO_COMMON_BLOCKS = YES;
				GCC_OPTIMIZATION_LEVEL = 0;
				GCC_PREPROCESSOR_DEFINITIONS = (
					"DEBUG=1",
					"$(inherited)",
				);
				GCC_WARN_64_TO_32_BIT_CONVERSION = YES;
				GCC_WARN_ABOUT_RETURN_TYPE = YES_ERROR;
				GCC_WARN_UNDECLARED_SELECTOR = YES;
				GCC_WARN_UNINITIALIZED_AUTOS = YES_AGGRESSIVE;
				GCC_WARN_UNUSED_FUNCTION = YES;
				GCC_WARN_UNUSED_VARIABLE = YES;
				IPHONEOS_DEPLOYMENT_TARGET = 9.3;
				MTL_ENABLE_DEBUG_INFO = YES;
				ONLY_ACTIVE_ARCH = YES;
				SDKROOT = iphoneos;
				TARGETED_DEVICE_FAMILY = "1,2";
			};
			name = Debug;
		};
		C96B0E881CEF1FC000B01976 /* Release */ = {
			isa = XCBuildConfiguration;
			buildSettings = {
				ALWAYS_SEARCH_USER_PATHS = NO;
				CLANG_ANALYZER_NONNULL = YES;
				CLANG_CXX_LANGUAGE_STANDARD = "gnu++0x";
				CLANG_CXX_LIBRARY = "libc++";
				CLANG_ENABLE_MODULES = YES;
				CLANG_ENABLE_OBJC_ARC = YES;
				CLANG_WARN_BOOL_CONVERSION = YES;
				CLANG_WARN_CONSTANT_CONVERSION = YES;
				CLANG_WARN_DIRECT_OBJC_ISA_USAGE = YES_ERROR;
				CLANG_WARN_EMPTY_BODY = YES;
				CLANG_WARN_ENUM_CONVERSION = YES;
				CLANG_WARN_INT_CONVERSION = YES;
				CLANG_WARN_OBJC_ROOT_CLASS = YES_ERROR;
				CLANG_WARN_UNREACHABLE_CODE = YES;
				CLANG_WARN__DUPLICATE_METHOD_MATCH = YES;
				"CODE_SIGN_IDENTITY[sdk=iphoneos*]" = "iPhone Developer";
				COPY_PHASE_STRIP = NO;
				DEBUG_INFORMATION_FORMAT = "dwarf-with-dsym";
				ENABLE_NS_ASSERTIONS = NO;
				ENABLE_STRICT_OBJC_MSGSEND = YES;
				GCC_C_LANGUAGE_STANDARD = gnu99;
				GCC_NO_COMMON_BLOCKS = YES;
				GCC_WARN_64_TO_32_BIT_CONVERSION = YES;
				GCC_WARN_ABOUT_RETURN_TYPE = YES_ERROR;
				GCC_WARN_UNDECLARED_SELECTOR = YES;
				GCC_WARN_UNINITIALIZED_AUTOS = YES_AGGRESSIVE;
				GCC_WARN_UNUSED_FUNCTION = YES;
				GCC_WARN_UNUSED_VARIABLE = YES;
				IPHONEOS_DEPLOYMENT_TARGET = 9.3;
				MTL_ENABLE_DEBUG_INFO = NO;
				SDKROOT = iphoneos;
				TARGETED_DEVICE_FAMILY = "1,2";
				VALIDATE_PRODUCT = YES;
			};
			name = Release;
		};
		C96B0E8A1CEF1FC000B01976 /* Debug */ = {
			isa = XCBuildConfiguration;
			baseConfigurationReference = 967858744AB514A875A6F1BB /* Pods.debug.xcconfig */;
			buildSettings = {
				ASSETCATALOG_COMPILER_APPICON_NAME = AppIcon;
				ASSETCATALOG_COMPILER_LAUNCHIMAGE_NAME = LaunchImage;
				INFOPLIST_FILE = "MBProgressHUD-RXExample/Info.plist";
				IPHONEOS_DEPLOYMENT_TARGET = 7.0;
				LD_RUNPATH_SEARCH_PATHS = "$(inherited) @executable_path/Frameworks";
				PRODUCT_BUNDLE_IDENTIFIER = "com.Rush.MBProgressHUD-RXExample";
				PRODUCT_NAME = "$(TARGET_NAME)";
				TARGETED_DEVICE_FAMILY = 1;
			};
			name = Debug;
		};
		C96B0E8B1CEF1FC000B01976 /* Release */ = {
			isa = XCBuildConfiguration;
			baseConfigurationReference = 710D4AB7BF3A81A2CEE9F491 /* Pods.release.xcconfig */;
			buildSettings = {
				ASSETCATALOG_COMPILER_APPICON_NAME = AppIcon;
				ASSETCATALOG_COMPILER_LAUNCHIMAGE_NAME = LaunchImage;
				INFOPLIST_FILE = "MBProgressHUD-RXExample/Info.plist";
				IPHONEOS_DEPLOYMENT_TARGET = 7.0;
				LD_RUNPATH_SEARCH_PATHS = "$(inherited) @executable_path/Frameworks";
				PRODUCT_BUNDLE_IDENTIFIER = "com.Rush.MBProgressHUD-RXExample";
				PRODUCT_NAME = "$(TARGET_NAME)";
				TARGETED_DEVICE_FAMILY = 1;
			};
			name = Release;
		};
/* End XCBuildConfiguration section */

/* Begin XCConfigurationList section */
		C96B0E6D1CEF1FC000B01976 /* Build configuration list for PBXProject "MBProgressHUD-RXExample" */ = {
			isa = XCConfigurationList;
			buildConfigurations = (
				C96B0E871CEF1FC000B01976 /* Debug */,
				C96B0E881CEF1FC000B01976 /* Release */,
			);
			defaultConfigurationIsVisible = 0;
			defaultConfigurationName = Release;
		};
		C96B0E891CEF1FC000B01976 /* Build configuration list for PBXNativeTarget "MBProgressHUD-RXExample" */ = {
			isa = XCConfigurationList;
			buildConfigurations = (
				C96B0E8A1CEF1FC000B01976 /* Debug */,
				C96B0E8B1CEF1FC000B01976 /* Release */,
			);
			defaultConfigurationIsVisible = 0;
			defaultConfigurationName = Release;
		};
/* End XCConfigurationList section */
	};
	rootObject = C96B0E6A1CEF1FC000B01976 /* Project object */;
}
